// !$*UTF8*$!
{
	archiveVersion = 1;
	classes = {
	};
	objectVersion = 48;
	objects = {

/* Begin PBXBuildFile section */
		997BAA87E304FC52CB2DF6C8 /* Pods_MovieSearcher.framework in Frameworks */ = {isa = PBXBuildFile; fileRef = E49FB4A62C963C0B4B03EBC2 /* Pods_MovieSearcher.framework */; };
		CF822DC0207B4ED7009751CB /* AppDelegate.swift in Sources */ = {isa = PBXBuildFile; fileRef = CF822DBF207B4ED7009751CB /* AppDelegate.swift */; };
		CF822DC2207B4ED7009751CB /* ViewController.swift in Sources */ = {isa = PBXBuildFile; fileRef = CF822DC1207B4ED7009751CB /* ViewController.swift */; };
		CF822DC5207B4ED7009751CB /* Main.storyboard in Resources */ = {isa = PBXBuildFile; fileRef = CF822DC3207B4ED7009751CB /* Main.storyboard */; };
		CF822DC7207B4ED7009751CB /* Assets.xcassets in Resources */ = {isa = PBXBuildFile; fileRef = CF822DC6207B4ED7009751CB /* Assets.xcassets */; };
		CF822DCA207B4ED7009751CB /* LaunchScreen.storyboard in Resources */ = {isa = PBXBuildFile; fileRef = CF822DC8207B4ED7009751CB /* LaunchScreen.storyboard */; };
/* End PBXBuildFile section */

/* Begin PBXFileReference section */
		CF822DBC207B4ED7009751CB /* MovieSearcher.app */ = {isa = PBXFileReference; explicitFileType = wrapper.application; includeInIndex = 0; path = MovieSearcher.app; sourceTree = BUILT_PRODUCTS_DIR; };
		CF822DBF207B4ED7009751CB /* AppDelegate.swift */ = {isa = PBXFileReference; lastKnownFileType = sourcecode.swift; path = AppDelegate.swift; sourceTree = "<group>"; };
		CF822DC1207B4ED7009751CB /* ViewController.swift */ = {isa = PBXFileReference; lastKnownFileType = sourcecode.swift; path = ViewController.swift; sourceTree = "<group>"; };
		CF822DC4207B4ED7009751CB /* Base */ = {isa = PBXFileReference; lastKnownFileType = file.storyboard; name = Base; path = Base.lproj/Main.storyboard; sourceTree = "<group>"; };
		CF822DC6207B4ED7009751CB /* Assets.xcassets */ = {isa = PBXFileReference; lastKnownFileType = folder.assetcatalog; path = Assets.xcassets; sourceTree = "<group>"; };
		CF822DC9207B4ED7009751CB /* Base */ = {isa = PBXFileReference; lastKnownFileType = file.storyboard; name = Base; path = Base.lproj/LaunchScreen.storyboard; sourceTree = "<group>"; };
		CF822DCB207B4ED7009751CB /* Info.plist */ = {isa = PBXFileReference; lastKnownFileType = text.plist.xml; path = Info.plist; sourceTree = "<group>"; };
		E49FB4A62C963C0B4B03EBC2 /* Pods_MovieSearcher.framework */ = {isa = PBXFileReference; explicitFileType = wrapper.framework; includeInIndex = 0; path = Pods_MovieSearcher.framework; sourceTree = BUILT_PRODUCTS_DIR; };
		E668F8507F21B8F76E9CDB65 /* Pods-MovieSearcher.release.xcconfig */ = {isa = PBXFileReference; includeInIndex = 1; lastKnownFileType = text.xcconfig; name = "Pods-MovieSearcher.release.xcconfig"; path = "Pods/Target Support Files/Pods-MovieSearcher/Pods-MovieSearcher.release.xcconfig"; sourceTree = "<group>"; };
		EE1F7F5F6C468BAEED027305 /* Pods-MovieSearcher.debug.xcconfig */ = {isa = PBXFileReference; includeInIndex = 1; lastKnownFileType = text.xcconfig; name = "Pods-MovieSearcher.debug.xcconfig"; path = "Pods/Target Support Files/Pods-MovieSearcher/Pods-MovieSearcher.debug.xcconfig"; sourceTree = "<group>"; };
/* End PBXFileReference section */

/* Begin PBXFrameworksBuildPhase section */
		CF822DB9207B4ED7009751CB /* Frameworks */ = {
			isa = PBXFrameworksBuildPhase;
			buildActionMask = 2147483647;
			files = (
				997BAA87E304FC52CB2DF6C8 /* Pods_MovieSearcher.framework in Frameworks */,
			);
			runOnlyForDeploymentPostprocessing = 0;
		};
/* End PBXFrameworksBuildPhase section */

/* Begin PBXGroup section */
		1B7F21432D79C173B9DA6AD3 /* Frameworks */ = {
			isa = PBXGroup;
			children = (
				E49FB4A62C963C0B4B03EBC2 /* Pods_MovieSearcher.framework */,
			);
			name = Frameworks;
			sourceTree = "<group>";
		};
		319496809D37E2CE502EDEFC /* Pods */ = {
			isa = PBXGroup;
			children = (
				EE1F7F5F6C468BAEED027305 /* Pods-MovieSearcher.debug.xcconfig */,
				E668F8507F21B8F76E9CDB65 /* Pods-MovieSearcher.release.xcconfig */,
			);
			name = Pods;
			sourceTree = "<group>";
		};
		CF822DB3207B4ED7009751CB = {
			isa = PBXGroup;
			children = (
				CF822DBE207B4ED7009751CB /* MovieSearcher */,
				CF822DBD207B4ED7009751CB /* Products */,
				319496809D37E2CE502EDEFC /* Pods */,
				1B7F21432D79C173B9DA6AD3 /* Frameworks */,
			);
			sourceTree = "<group>";
		};
		CF822DBD207B4ED7009751CB /* Products */ = {
			isa = PBXGroup;
			children = (
				CF822DBC207B4ED7009751CB /* MovieSearcher.app */,
			);
			name = Products;
			sourceTree = "<group>";
		};
		CF822DBE207B4ED7009751CB /* MovieSearcher */ = {
			isa = PBXGroup;
			children = (
				CF822DBF207B4ED7009751CB /* AppDelegate.swift */,
				CF822DC1207B4ED7009751CB /* ViewController.swift */,
				CF822DC3207B4ED7009751CB /* Main.storyboard */,
				CF822DC6207B4ED7009751CB /* Assets.xcassets */,
				CF822DC8207B4ED7009751CB /* LaunchScreen.storyboard */,
				CF822DCB207B4ED7009751CB /* Info.plist */,
			);
			path = MovieSearcher;
			sourceTree = "<group>";
		};
/* End PBXGroup section */

/* Begin PBXNativeTarget section */
		CF822DBB207B4ED7009751CB /* MovieSearcher */ = {
			isa = PBXNativeTarget;
			buildConfigurationList = CF822DCE207B4ED7009751CB /* Build configuration list for PBXNativeTarget "MovieSearcher" */;
			buildPhases = (
				D28D8F6F795924E357C6AAB7 /* [CP] Check Pods Manifest.lock */,
				CF822DB8207B4ED7009751CB /* Sources */,
				CF822DB9207B4ED7009751CB /* Frameworks */,
				CF822DBA207B4ED7009751CB /* Resources */,
				F3103E4D15E48F94A8E36A0C /* [CP] Embed Pods Frameworks */,
				E1C8AF6EE1740A480B7490FB /* [CP] Copy Pods Resources */,
			);
			buildRules = (
			);
			dependencies = (
			);
			name = MovieSearcher;
			productName = MovieSearcher;
			productReference = CF822DBC207B4ED7009751CB /* MovieSearcher.app */;
			productType = "com.apple.product-type.application";
		};
/* End PBXNativeTarget section */

/* Begin PBXProject section */
		CF822DB4207B4ED7009751CB /* Project object */ = {
			isa = PBXProject;
			attributes = {
				LastSwiftUpdateCheck = 0920;
				LastUpgradeCheck = 0920;
				ORGANIZATIONNAME = acb;
				TargetAttributes = {
					CF822DBB207B4ED7009751CB = {
						CreatedOnToolsVersion = 9.2;
						ProvisioningStyle = Automatic;
					};
				};
			};
			buildConfigurationList = CF822DB7207B4ED7009751CB /* Build configuration list for PBXProject "MovieSearcher" */;
			compatibilityVersion = "Xcode 8.0";
			developmentRegion = en;
			hasScannedForEncodings = 0;
			knownRegions = (
				en,
				Base,
			);
			mainGroup = CF822DB3207B4ED7009751CB;
			productRefGroup = CF822DBD207B4ED7009751CB /* Products */;
			projectDirPath = "";
			projectRoot = "";
			targets = (
				CF822DBB207B4ED7009751CB /* MovieSearcher */,
			);
		};
/* End PBXProject section */

/* Begin PBXResourcesBuildPhase section */
		CF822DBA207B4ED7009751CB /* Resources */ = {
			isa = PBXResourcesBuildPhase;
			buildActionMask = 2147483647;
			files = (
				CF822DCA207B4ED7009751CB /* LaunchScreen.storyboard in Resources */,
				CF822DC7207B4ED7009751CB /* Assets.xcassets in Resources */,
				CF822DC5207B4ED7009751CB /* Main.storyboard in Resources */,
			);
			runOnlyForDeploymentPostprocessing = 0;
		};
/* End PBXResourcesBuildPhase section */

/* Begin PBXShellScriptBuildPhase section */
		D28D8F6F795924E357C6AAB7 /* [CP] Check Pods Manifest.lock */ = {
			isa = PBXShellScriptBuildPhase;
			buildActionMask = 2147483647;
			files = (
			);
			inputPaths = (
			);
			name = "[CP] Check Pods Manifest.lock";
			outputPaths = (
			);
			runOnlyForDeploymentPostprocessing = 0;
			shellPath = /bin/sh;
			shellScript = "diff \"${PODS_ROOT}/../Podfile.lock\" \"${PODS_ROOT}/Manifest.lock\" > /dev/null\nif [ $? != 0 ] ; then\n    # print error to STDERR\n    echo \"error: The sandbox is not in sync with the Podfile.lock. Run 'pod install' or update your CocoaPods installation.\" >&2\n    exit 1\nfi\n";
			showEnvVarsInLog = 0;
		};
		E1C8AF6EE1740A480B7490FB /* [CP] Copy Pods Resources */ = {
			isa = PBXShellScriptBuildPhase;
			buildActionMask = 2147483647;
			files = (
			);
			inputPaths = (
			);
			name = "[CP] Copy Pods Resources";
			outputPaths = (
			);
			runOnlyForDeploymentPostprocessing = 0;
			shellPath = /bin/sh;
			shellScript = "\"${SRCROOT}/Pods/Target Support Files/Pods-MovieSearcher/Pods-MovieSearcher-resources.sh\"\n";
			showEnvVarsInLog = 0;
		};
		F3103E4D15E48F94A8E36A0C /* [CP] Embed Pods Frameworks */ = {
			isa = PBXShellScriptBuildPhase;
			buildActionMask = 2147483647;
			files = (
			);
			inputPaths = (
			);
			name = "[CP] Embed Pods Frameworks";
			outputPaths = (
			);
			runOnlyForDeploymentPostprocessing = 0;
			shellPath = /bin/sh;
			shellScript = "\"${SRCROOT}/Pods/Target Support Files/Pods-MovieSearcher/Pods-MovieSearcher-frameworks.sh\"\n";
			showEnvVarsInLog = 0;
		};
/* End PBXShellScriptBuildPhase section */

/* Begin PBXSourcesBuildPhase section */
		CF822DB8207B4ED7009751CB /* Sources */ = {
			isa = PBXSourcesBuildPhase;
			buildActionMask = 2147483647;
			files = (
				CF822DC2207B4ED7009751CB /* ViewController.swift in Sources */,
				CF822DC0207B4ED7009751CB /* AppDelegate.swift in Sources */,
			);
			runOnlyForDeploymentPostprocessing = 0;
		};
/* End PBXSourcesBuildPhase section */

/* Begin PBXVariantGroup section */
		CF822DC3207B4ED7009751CB /* Main.storyboard */ = {
			isa = PBXVariantGroup;
			children = (
				CF822DC4207B4ED7009751CB /* Base */,
			);
			name = Main.storyboard;
			sourceTree = "<group>";
		};
		CF822DC8207B4ED7009751CB /* LaunchScreen.storyboard */ = {
			isa = PBXVariantGroup;
			children = (
				CF822DC9207B4ED7009751CB /* Base */,
			);
			name = LaunchScreen.storyboard;
			sourceTree = "<group>";
		};
/* End PBXVariantGroup section */

/* Begin XCBuildConfiguration section */
		CF822DCC207B4ED7009751CB /* Debug */ = {
			isa = XCBuildConfiguration;
			buildSettings = {
				ALWAYS_SEARCH_USER_PATHS = NO;
				CLANG_ANALYZER_NONNULL = YES;
				CLANG_ANALYZER_NUMBER_OBJECT_CONVERSION = YES_AGGRESSIVE;
				CLANG_CXX_LANGUAGE_STANDARD = "gnu++14";
				CLANG_CXX_LIBRARY = "libc++";
				CLANG_ENABLE_MODULES = YES;
				CLANG_ENABLE_OBJC_ARC = YES;
				CLANG_WARN_BLOCK_CAPTURE_AUTORELEASING = YES;
				CLANG_WARN_BOOL_CONVERSION = YES;
				CLANG_WARN_COMMA = YES;
				CLANG_WARN_CONSTANT_CONVERSION = YES;
				CLANG_WARN_DIRECT_OBJC_ISA_USAGE = YES_ERROR;
				CLANG_WARN_DOCUMENTATION_COMMENTS = YES;
				CLANG_WARN_EMPTY_BODY = YES;
				CLANG_WARN_ENUM_CONVERSION = YES;
				CLANG_WARN_INFINITE_RECURSION = YES;
				CLANG_WARN_INT_CONVERSION = YES;
				CLANG_WARN_NON_LITERAL_NULL_CONVERSION = YES;
				CLANG_WARN_OBJC_LITERAL_CONVERSION = YES;
				CLANG_WARN_OBJC_ROOT_CLASS = YES_ERROR;
				CLANG_WARN_RANGE_LOOP_ANALYSIS = YES;
				CLANG_WARN_STRICT_PROTOTYPES = YES;
				CLANG_WARN_SUSPICIOUS_MOVE = YES;
				CLANG_WARN_UNGUARDED_AVAILABILITY = YES_AGGRESSIVE;
				CLANG_WARN_UNREACHABLE_CODE = YES;
				CLANG_WARN__DUPLICATE_METHOD_MATCH = YES;
				CODE_SIGN_IDENTITY = "iPhone Developer";
				COPY_PHASE_STRIP = NO;
				DEBUG_INFORMATION_FORMAT = dwarf;
				ENABLE_STRICT_OBJC_MSGSEND = YES;
				ENABLE_TESTABILITY = YES;
				GCC_C_LANGUAGE_STANDARD = gnu11;
				GCC_DYNAMIC_NO_PIC = NO;
				GCC_NO_COMMON_BLOCKS = YES;
				GCC_OPTIMIZATION_LEVEL = 0;
				GCC_PREPROCESSOR_DEFINITIONS = (
					"DEBUG=1",
					"$(inherited)",
				);
				GCC_WARN_64_TO_32_BIT_CONVERSION = YES;
				GCC_WARN_ABOUT_RETURN_TYPE = YES_ERROR;
				GCC_WARN_UNDECLARED_SELECTOR = YES;
				GCC_WARN_UNINITIALIZED_AUTOS = YES_AGGRESSIVE;
				GCC_WARN_UNUSED_FUNCTION = YES;
				GCC_WARN_UNUSED_VARIABLE = YES;
				IPHONEOS_DEPLOYMENT_TARGET = 11.2;
				MTL_ENABLE_DEBUG_INFO = YES;
				ONLY_ACTIVE_ARCH = YES;
				SDKROOT = iphoneos;
				SWIFT_ACTIVE_COMPILATION_CONDITIONS = DEBUG;
				SWIFT_OPTIMIZATION_LEVEL = "-Onone";
			};
			name = Debug;
		};
		CF822DCD207B4ED7009751CB /* Release */ = {
			isa = XCBuildConfiguration;
			buildSettings = {
				ALWAYS_SEARCH_USER_PATHS = NO;
				CLANG_ANALYZER_NONNULL = YES;
				CLANG_ANALYZER_NUMBER_OBJECT_CONVERSION = YES_AGGRESSIVE;
				CLANG_CXX_LANGUAGE_STANDARD = "gnu++14";
				CLANG_CXX_LIBRARY = "libc++";
				CLANG_ENABLE_MODULES = YES;
				CLANG_ENABLE_OBJC_ARC = YES;
				CLANG_WARN_BLOCK_CAPTURE_AUTORELEASING = YES;
				CLANG_WARN_BOOL_CONVERSION = YES;
				CLANG_WARN_COMMA = YES;
				CLANG_WARN_CONSTANT_CONVERSION = YES;
				CLANG_WARN_DIRECT_OBJC_ISA_USAGE = YES_ERROR;
				CLANG_WARN_DOCUMENTATION_COMMENTS = YES;
				CLANG_WARN_EMPTY_BODY = YES;
				CLANG_WARN_ENUM_CONVERSION = YES;
				CLANG_WARN_INFINITE_RECURSION = YES;
				CLANG_WARN_INT_CONVERSION = YES;
				CLANG_WARN_NON_LITERAL_NULL_CONVERSION = YES;
				CLANG_WARN_OBJC_LITERAL_CONVERSION = YES;
				CLANG_WARN_OBJC_ROOT_CLASS = YES_ERROR;
				CLANG_WARN_RANGE_LOOP_ANALYSIS = YES;
				CLANG_WARN_STRICT_PROTOTYPES = YES;
				CLANG_WARN_SUSPICIOUS_MOVE = YES;
				CLANG_WARN_UNGUARDED_AVAILABILITY = YES_AGGRESSIVE;
				CLANG_WARN_UNREACHABLE_CODE = YES;
				CLANG_WARN__DUPLICATE_METHOD_MATCH = YES;
				CODE_SIGN_IDENTITY = "iPhone Developer";
				COPY_PHASE_STRIP = NO;
				DEBUG_INFORMATION_FORMAT = "dwarf-with-dsym";
				ENABLE_NS_ASSERTIONS = NO;
				ENABLE_STRICT_OBJC_MSGSEND = YES;
				GCC_C_LANGUAGE_STANDARD = gnu11;
				GCC_NO_COMMON_BLOCKS = YES;
				GCC_WARN_64_TO_32_BIT_CONVERSION = YES;
				GCC_WARN_ABOUT_RETURN_TYPE = YES_ERROR;
				GCC_WARN_UNDECLARED_SELECTOR = YES;
				GCC_WARN_UNINITIALIZED_AUTOS = YES_AGGRESSIVE;
				GCC_WARN_UNUSED_FUNCTION = YES;
				GCC_WARN_UNUSED_VARIABLE = YES;
				IPHONEOS_DEPLOYMENT_TARGET = 11.2;
				MTL_ENABLE_DEBUG_INFO = NO;
				SDKROOT = iphoneos;
				SWIFT_OPTIMIZATION_LEVEL = "-Owholemodule";
				VALIDATE_PRODUCT = YES;
			};
			name = Release;
		};
		CF822DCF207B4ED7009751CB /* Debug */ = {
			isa = XCBuildConfiguration;
			baseConfigurationReference = EE1F7F5F6C468BAEED027305 /* Pods-MovieSearcher.debug.xcconfig */;
			buildSettings = {
				ASSETCATALOG_COMPILER_APPICON_NAME = AppIcon;
				CODE_SIGN_STYLE = Automatic;
				INFOPLIST_FILE = MovieSearcher/Info.plist;
				LD_RUNPATH_SEARCH_PATHS = "$(inherited) @executable_path/Frameworks";
				PRODUCT_BUNDLE_IDENTIFIER = acb.MovieSearcher;
				PRODUCT_NAME = "$(TARGET_NAME)";
				SWIFT_VERSION = 4.0;
				TARGETED_DEVICE_FAMILY = "1,2";
			};
			name = Debug;
		};
		CF822DD0207B4ED7009751CB /* Release */ = {
			isa = XCBuildConfiguration;
			baseConfigurationReference = E668F8507F21B8F76E9CDB65 /* Pods-MovieSearcher.release.xcconfig */;
			buildSettings = {
				ASSETCATALOG_COMPILER_APPICON_NAME = AppIcon;
				CODE_SIGN_STYLE = Automatic;
				INFOPLIST_FILE = MovieSearcher/Info.plist;
				LD_RUNPATH_SEARCH_PATHS = "$(inherited) @executable_path/Frameworks";
				PRODUCT_BUNDLE_IDENTIFIER = acb.MovieSearcher;
				PRODUCT_NAME = "$(TARGET_NAME)";
				SWIFT_VERSION = 4.0;
				TARGETED_DEVICE_FAMILY = "1,2";
			};
			name = Release;
		};
/* End XCBuildConfiguration section */

/* Begin XCConfigurationList section */
		CF822DB7207B4ED7009751CB /* Build configuration list for PBXProject "MovieSearcher" */ = {
			isa = XCConfigurationList;
			buildConfigurations = (
				CF822DCC207B4ED7009751CB /* Debug */,
				CF822DCD207B4ED7009751CB /* Release */,
			);
			defaultConfigurationIsVisible = 0;
			defaultConfigurationName = Release;
		};
		CF822DCE207B4ED7009751CB /* Build configuration list for PBXNativeTarget "MovieSearcher" */ = {
			isa = XCConfigurationList;
			buildConfigurations = (
				CF822DCF207B4ED7009751CB /* Debug */,
				CF822DD0207B4ED7009751CB /* Release */,
			);
			defaultConfigurationIsVisible = 0;
			defaultConfigurationName = Release;
		};
/* End XCConfigurationList section */
	};
	rootObject = CF822DB4207B4ED7009751CB /* Project object */;
}
