// !$*UTF8*$!
{
	archiveVersion = 1;
	classes = {
	};
	objectVersion = 48;
	objects = {

/* Begin PBXBuildFile section */
		997BAA87E304FC52CB2DF6C8 /* Pods_MovieSearcher.framework in Frameworks */ = {isa = PBXBuildFile; fileRef = E49FB4A62C963C0B4B03EBC2 /* Pods_MovieSearcher.framework */; };
		CF14E115207B5C0800FA2453 /* Movie.swift in Sources */ = {isa = PBXBuildFile; fileRef = CF14E114207B5C0800FA2453 /* Movie.swift */; };
		CF14E119207B5C2800FA2453 /* Suggestion.swift in Sources */ = {isa = PBXBuildFile; fileRef = CF14E118207B5C2800FA2453 /* Suggestion.swift */; };
		CF14E120207B6B5B00FA2453 /* String+Extension.swift in Sources */ = {isa = PBXBuildFile; fileRef = CF14E11F207B6B5B00FA2453 /* String+Extension.swift */; };
		CF14E148207B72FF00FA2453 /* APIClient.swift in Sources */ = {isa = PBXBuildFile; fileRef = CF14E137207B72FE00FA2453 /* APIClient.swift */; };
		CF14E149207B72FF00FA2453 /* APIRequest.swift in Sources */ = {isa = PBXBuildFile; fileRef = CF14E139207B72FF00FA2453 /* APIRequest.swift */; };
		CF14E14E207B72FF00FA2453 /* MovieError.swift in Sources */ = {isa = PBXBuildFile; fileRef = CF14E13E207B72FF00FA2453 /* MovieError.swift */; };
		CF14E14F207B72FF00FA2453 /* Response.swift in Sources */ = {isa = PBXBuildFile; fileRef = CF14E13F207B72FF00FA2453 /* Response.swift */; };
		CF14E150207B72FF00FA2453 /* HTTPParameter.swift in Sources */ = {isa = PBXBuildFile; fileRef = CF14E141207B72FF00FA2453 /* HTTPParameter.swift */; };
		CF14E153207B72FF00FA2453 /* URLQueryEncoder.swift in Sources */ = {isa = PBXBuildFile; fileRef = CF14E144207B72FF00FA2453 /* URLQueryEncoder.swift */; };
		CF14E155207B732500FA2453 /* Search.swift in Sources */ = {isa = PBXBuildFile; fileRef = CF14E154207B732500FA2453 /* Search.swift */; };
		CF14E158207B755E00FA2453 /* Home.storyboard in Resources */ = {isa = PBXBuildFile; fileRef = CF14E157207B755E00FA2453 /* Home.storyboard */; };
		CF822DC0207B4ED7009751CB /* AppDelegate.swift in Sources */ = {isa = PBXBuildFile; fileRef = CF822DBF207B4ED7009751CB /* AppDelegate.swift */; };
		CF822DC7207B4ED7009751CB /* Assets.xcassets in Resources */ = {isa = PBXBuildFile; fileRef = CF822DC6207B4ED7009751CB /* Assets.xcassets */; };
		CF822DCA207B4ED7009751CB /* LaunchScreen.storyboard in Resources */ = {isa = PBXBuildFile; fileRef = CF822DC8207B4ED7009751CB /* LaunchScreen.storyboard */; };
		CFE22728207B96EE00E12357 /* MovieCell.swift in Sources */ = {isa = PBXBuildFile; fileRef = CFE22727207B96EE00E12357 /* MovieCell.swift */; };
		CFE2272A207B97F600E12357 /* HomeViewController.swift in Sources */ = {isa = PBXBuildFile; fileRef = CFE22729207B97F600E12357 /* HomeViewController.swift */; };
		CFE2272C207B985200E12357 /* UITableViewCell+Extension.swift in Sources */ = {isa = PBXBuildFile; fileRef = CFE2272B207B985200E12357 /* UITableViewCell+Extension.swift */; };
		CFE30519207BC13F0042D062 /* HomeTableViewModel.swift in Sources */ = {isa = PBXBuildFile; fileRef = CFE30518207BC13F0042D062 /* HomeTableViewModel.swift */; };
		CFE3051B207BC1500042D062 /* MovieCellViewModel.swift in Sources */ = {isa = PBXBuildFile; fileRef = CFE3051A207BC1500042D062 /* MovieCellViewModel.swift */; };
		CFE30520207C11C20042D062 /* SuggestionRepository.swift in Sources */ = {isa = PBXBuildFile; fileRef = CFE3051F207C11C20042D062 /* SuggestionRepository.swift */; };
		CFE30522207C12210042D062 /* SuggestionProvider.swift in Sources */ = {isa = PBXBuildFile; fileRef = CFE30521207C12210042D062 /* SuggestionProvider.swift */; };
		CFE30524207C1D8B0042D062 /* SuggestionViewModel.swift in Sources */ = {isa = PBXBuildFile; fileRef = CFE30523207C1D8B0042D062 /* SuggestionViewModel.swift */; };
		CFE30528207C1EFB0042D062 /* SuggestionCell.swift in Sources */ = {isa = PBXBuildFile; fileRef = CFE30527207C1EFB0042D062 /* SuggestionCell.swift */; };
		CFE30543207CD3310042D062 /* MovieSearcherTests.swift in Sources */ = {isa = PBXBuildFile; fileRef = CFE30542207CD3310042D062 /* MovieSearcherTests.swift */; };
		CFE3054F207CD76D0042D062 /* ExtensionTests.swift in Sources */ = {isa = PBXBuildFile; fileRef = CFE3054A207CD3440042D062 /* ExtensionTests.swift */; };
		CFE30551207CD8180042D062 /* ModelTests.swift in Sources */ = {isa = PBXBuildFile; fileRef = CFE30550207CD8180042D062 /* ModelTests.swift */; };
		CFE30554207CDDE30042D062 /* NetworkingTests.swift in Sources */ = {isa = PBXBuildFile; fileRef = CFE30553207CDDE30042D062 /* NetworkingTests.swift */; };
		CFE30556207CFE0D0042D062 /* SuggestionTests.swift in Sources */ = {isa = PBXBuildFile; fileRef = CFE30555207CFE0D0042D062 /* SuggestionTests.swift */; };
		CFE3055A207D04CE0042D062 /* Environment.swift in Sources */ = {isa = PBXBuildFile; fileRef = CFE30559207D04CE0042D062 /* Environment.swift */; };
		CFE3055C207D04F10042D062 /* UserDefaults+Extension.swift in Sources */ = {isa = PBXBuildFile; fileRef = CFE3055B207D04F10042D062 /* UserDefaults+Extension.swift */; };
/* End PBXBuildFile section */

/* Begin PBXContainerItemProxy section */
		CFE30545207CD3310042D062 /* PBXContainerItemProxy */ = {
			isa = PBXContainerItemProxy;
			containerPortal = CF822DB4207B4ED7009751CB /* Project object */;
			proxyType = 1;
			remoteGlobalIDString = CF822DBB207B4ED7009751CB;
			remoteInfo = MovieSearcher;
		};
/* End PBXContainerItemProxy section */

/* Begin PBXFileReference section */
		CF14E114207B5C0800FA2453 /* Movie.swift */ = {isa = PBXFileReference; lastKnownFileType = sourcecode.swift; path = Movie.swift; sourceTree = "<group>"; };
		CF14E118207B5C2800FA2453 /* Suggestion.swift */ = {isa = PBXFileReference; lastKnownFileType = sourcecode.swift; path = Suggestion.swift; sourceTree = "<group>"; };
		CF14E11F207B6B5B00FA2453 /* String+Extension.swift */ = {isa = PBXFileReference; lastKnownFileType = sourcecode.swift; path = "String+Extension.swift"; sourceTree = "<group>"; };
		CF14E137207B72FE00FA2453 /* APIClient.swift */ = {isa = PBXFileReference; fileEncoding = 4; lastKnownFileType = sourcecode.swift; path = APIClient.swift; sourceTree = "<group>"; };
		CF14E139207B72FF00FA2453 /* APIRequest.swift */ = {isa = PBXFileReference; fileEncoding = 4; lastKnownFileType = sourcecode.swift; path = APIRequest.swift; sourceTree = "<group>"; };
		CF14E13E207B72FF00FA2453 /* MovieError.swift */ = {isa = PBXFileReference; fileEncoding = 4; lastKnownFileType = sourcecode.swift; path = MovieError.swift; sourceTree = "<group>"; };
		CF14E13F207B72FF00FA2453 /* Response.swift */ = {isa = PBXFileReference; fileEncoding = 4; lastKnownFileType = sourcecode.swift; path = Response.swift; sourceTree = "<group>"; };
		CF14E141207B72FF00FA2453 /* HTTPParameter.swift */ = {isa = PBXFileReference; fileEncoding = 4; lastKnownFileType = sourcecode.swift; path = HTTPParameter.swift; sourceTree = "<group>"; };
		CF14E144207B72FF00FA2453 /* URLQueryEncoder.swift */ = {isa = PBXFileReference; fileEncoding = 4; lastKnownFileType = sourcecode.swift; path = URLQueryEncoder.swift; sourceTree = "<group>"; };
		CF14E154207B732500FA2453 /* Search.swift */ = {isa = PBXFileReference; lastKnownFileType = sourcecode.swift; path = Search.swift; sourceTree = "<group>"; };
		CF14E157207B755E00FA2453 /* Home.storyboard */ = {isa = PBXFileReference; lastKnownFileType = file.storyboard; path = Home.storyboard; sourceTree = "<group>"; };
		CF822DBC207B4ED7009751CB /* MovieSearcher.app */ = {isa = PBXFileReference; explicitFileType = wrapper.application; includeInIndex = 0; path = MovieSearcher.app; sourceTree = BUILT_PRODUCTS_DIR; };
		CF822DBF207B4ED7009751CB /* AppDelegate.swift */ = {isa = PBXFileReference; lastKnownFileType = sourcecode.swift; path = AppDelegate.swift; sourceTree = "<group>"; };
		CF822DC6207B4ED7009751CB /* Assets.xcassets */ = {isa = PBXFileReference; lastKnownFileType = folder.assetcatalog; path = Assets.xcassets; sourceTree = "<group>"; };
		CF822DC9207B4ED7009751CB /* Base */ = {isa = PBXFileReference; lastKnownFileType = file.storyboard; name = Base; path = Base.lproj/LaunchScreen.storyboard; sourceTree = "<group>"; };
		CF822DCB207B4ED7009751CB /* Info.plist */ = {isa = PBXFileReference; lastKnownFileType = text.plist.xml; path = Info.plist; sourceTree = "<group>"; };
		CFE22727207B96EE00E12357 /* MovieCell.swift */ = {isa = PBXFileReference; lastKnownFileType = sourcecode.swift; path = MovieCell.swift; sourceTree = "<group>"; };
		CFE22729207B97F600E12357 /* HomeViewController.swift */ = {isa = PBXFileReference; lastKnownFileType = sourcecode.swift; path = HomeViewController.swift; sourceTree = "<group>"; };
		CFE2272B207B985200E12357 /* UITableViewCell+Extension.swift */ = {isa = PBXFileReference; lastKnownFileType = sourcecode.swift; path = "UITableViewCell+Extension.swift"; sourceTree = "<group>"; };
		CFE30518207BC13F0042D062 /* HomeTableViewModel.swift */ = {isa = PBXFileReference; lastKnownFileType = sourcecode.swift; path = HomeTableViewModel.swift; sourceTree = "<group>"; };
		CFE3051A207BC1500042D062 /* MovieCellViewModel.swift */ = {isa = PBXFileReference; lastKnownFileType = sourcecode.swift; path = MovieCellViewModel.swift; sourceTree = "<group>"; };
		CFE3051F207C11C20042D062 /* SuggestionRepository.swift */ = {isa = PBXFileReference; lastKnownFileType = sourcecode.swift; path = SuggestionRepository.swift; sourceTree = "<group>"; };
		CFE30521207C12210042D062 /* SuggestionProvider.swift */ = {isa = PBXFileReference; lastKnownFileType = sourcecode.swift; path = SuggestionProvider.swift; sourceTree = "<group>"; };
		CFE30523207C1D8B0042D062 /* SuggestionViewModel.swift */ = {isa = PBXFileReference; lastKnownFileType = sourcecode.swift; path = SuggestionViewModel.swift; sourceTree = "<group>"; };
		CFE30527207C1EFB0042D062 /* SuggestionCell.swift */ = {isa = PBXFileReference; lastKnownFileType = sourcecode.swift; path = SuggestionCell.swift; sourceTree = "<group>"; };
		CFE30540207CD3310042D062 /* MovieSearcherTests.xctest */ = {isa = PBXFileReference; explicitFileType = wrapper.cfbundle; includeInIndex = 0; path = MovieSearcherTests.xctest; sourceTree = BUILT_PRODUCTS_DIR; };
		CFE30542207CD3310042D062 /* MovieSearcherTests.swift */ = {isa = PBXFileReference; lastKnownFileType = sourcecode.swift; path = MovieSearcherTests.swift; sourceTree = "<group>"; };
		CFE30544207CD3310042D062 /* Info.plist */ = {isa = PBXFileReference; lastKnownFileType = text.plist.xml; path = Info.plist; sourceTree = "<group>"; };
		CFE3054A207CD3440042D062 /* ExtensionTests.swift */ = {isa = PBXFileReference; lastKnownFileType = sourcecode.swift; path = ExtensionTests.swift; sourceTree = "<group>"; };
		CFE30550207CD8180042D062 /* ModelTests.swift */ = {isa = PBXFileReference; lastKnownFileType = sourcecode.swift; path = ModelTests.swift; sourceTree = "<group>"; };
		CFE30553207CDDE30042D062 /* NetworkingTests.swift */ = {isa = PBXFileReference; lastKnownFileType = sourcecode.swift; path = NetworkingTests.swift; sourceTree = "<group>"; };
		CFE30555207CFE0D0042D062 /* SuggestionTests.swift */ = {isa = PBXFileReference; lastKnownFileType = sourcecode.swift; path = SuggestionTests.swift; sourceTree = "<group>"; };
		CFE30559207D04CE0042D062 /* Environment.swift */ = {isa = PBXFileReference; lastKnownFileType = sourcecode.swift; path = Environment.swift; sourceTree = "<group>"; };
		CFE3055B207D04F10042D062 /* UserDefaults+Extension.swift */ = {isa = PBXFileReference; lastKnownFileType = sourcecode.swift; path = "UserDefaults+Extension.swift"; sourceTree = "<group>"; };
		E49FB4A62C963C0B4B03EBC2 /* Pods_MovieSearcher.framework */ = {isa = PBXFileReference; explicitFileType = wrapper.framework; includeInIndex = 0; path = Pods_MovieSearcher.framework; sourceTree = BUILT_PRODUCTS_DIR; };
		E668F8507F21B8F76E9CDB65 /* Pods-MovieSearcher.release.xcconfig */ = {isa = PBXFileReference; includeInIndex = 1; lastKnownFileType = text.xcconfig; name = "Pods-MovieSearcher.release.xcconfig"; path = "Pods/Target Support Files/Pods-MovieSearcher/Pods-MovieSearcher.release.xcconfig"; sourceTree = "<group>"; };
		EE1F7F5F6C468BAEED027305 /* Pods-MovieSearcher.debug.xcconfig */ = {isa = PBXFileReference; includeInIndex = 1; lastKnownFileType = text.xcconfig; name = "Pods-MovieSearcher.debug.xcconfig"; path = "Pods/Target Support Files/Pods-MovieSearcher/Pods-MovieSearcher.debug.xcconfig"; sourceTree = "<group>"; };
/* End PBXFileReference section */

/* Begin PBXFrameworksBuildPhase section */
		CF822DB9207B4ED7009751CB /* Frameworks */ = {
			isa = PBXFrameworksBuildPhase;
			buildActionMask = 2147483647;
			files = (
				997BAA87E304FC52CB2DF6C8 /* Pods_MovieSearcher.framework in Frameworks */,
			);
			runOnlyForDeploymentPostprocessing = 0;
		};
		CFE3053D207CD3310042D062 /* Frameworks */ = {
			isa = PBXFrameworksBuildPhase;
			buildActionMask = 2147483647;
			files = (
			);
			runOnlyForDeploymentPostprocessing = 0;
		};
/* End PBXFrameworksBuildPhase section */

/* Begin PBXGroup section */
		1B7F21432D79C173B9DA6AD3 /* Frameworks */ = {
			isa = PBXGroup;
			children = (
				E49FB4A62C963C0B4B03EBC2 /* Pods_MovieSearcher.framework */,
			);
			name = Frameworks;
			sourceTree = "<group>";
		};
		319496809D37E2CE502EDEFC /* Pods */ = {
			isa = PBXGroup;
			children = (
				EE1F7F5F6C468BAEED027305 /* Pods-MovieSearcher.debug.xcconfig */,
				E668F8507F21B8F76E9CDB65 /* Pods-MovieSearcher.release.xcconfig */,
			);
			name = Pods;
			sourceTree = "<group>";
		};
		CF14E10C207B5AC400FA2453 /* Scenes */ = {
			isa = PBXGroup;
			children = (
				CF14E156207B754F00FA2453 /* Home */,
			);
			path = Scenes;
			sourceTree = "<group>";
		};
		CF14E10D207B5ADE00FA2453 /* Resources */ = {
			isa = PBXGroup;
			children = (
				CF14E110207B5B0400FA2453 /* LaunchScreen */,
				CF822DC6207B4ED7009751CB /* Assets.xcassets */,
			);
			path = Resources;
			sourceTree = "<group>";
		};
		CF14E10E207B5AE600FA2453 /* Info */ = {
			isa = PBXGroup;
			children = (
				CF822DCB207B4ED7009751CB /* Info.plist */,
			);
			path = Info;
			sourceTree = "<group>";
		};
		CF14E10F207B5AEC00FA2453 /* Common */ = {
			isa = PBXGroup;
			children = (
				CF14E11E207B6B4700FA2453 /* Extensions */,
			);
			path = Common;
			sourceTree = "<group>";
		};
		CF14E110207B5B0400FA2453 /* LaunchScreen */ = {
			isa = PBXGroup;
			children = (
				CF822DC8207B4ED7009751CB /* LaunchScreen.storyboard */,
			);
			path = LaunchScreen;
			sourceTree = "<group>";
		};
		CF14E112207B5BA800FA2453 /* Networking */ = {
			isa = PBXGroup;
			children = (
				CF14E137207B72FE00FA2453 /* APIClient.swift */,
				CF14E138207B72FF00FA2453 /* Models */,
				CF14E133207B72FE00FA2453 /* Requests */,
				CF14E140207B72FF00FA2453 /* Utils */,
			);
			path = Networking;
			sourceTree = "<group>";
		};
		CF14E113207B5BB700FA2453 /* Models */ = {
			isa = PBXGroup;
			children = (
				CF14E114207B5C0800FA2453 /* Movie.swift */,
				CF14E118207B5C2800FA2453 /* Suggestion.swift */,
				CFE30559207D04CE0042D062 /* Environment.swift */,
			);
			path = Models;
			sourceTree = "<group>";
		};
		CF14E11E207B6B4700FA2453 /* Extensions */ = {
			isa = PBXGroup;
			children = (
				CF14E11F207B6B5B00FA2453 /* String+Extension.swift */,
				CFE2272B207B985200E12357 /* UITableViewCell+Extension.swift */,
				CFE3055B207D04F10042D062 /* UserDefaults+Extension.swift */,
			);
			path = Extensions;
			sourceTree = "<group>";
		};
		CF14E133207B72FE00FA2453 /* Requests */ = {
			isa = PBXGroup;
			children = (
				CF14E154207B732500FA2453 /* Search.swift */,
			);
			path = Requests;
			sourceTree = "<group>";
		};
		CF14E138207B72FF00FA2453 /* Models */ = {
			isa = PBXGroup;
			children = (
				CF14E139207B72FF00FA2453 /* APIRequest.swift */,
				CF14E13F207B72FF00FA2453 /* Response.swift */,
				CF14E13E207B72FF00FA2453 /* MovieError.swift */,
			);
			path = Models;
			sourceTree = "<group>";
		};
		CF14E140207B72FF00FA2453 /* Utils */ = {
			isa = PBXGroup;
			children = (
				CF14E141207B72FF00FA2453 /* HTTPParameter.swift */,
				CF14E144207B72FF00FA2453 /* URLQueryEncoder.swift */,
			);
			path = Utils;
			sourceTree = "<group>";
		};
		CF14E156207B754F00FA2453 /* Home */ = {
			isa = PBXGroup;
			children = (
				CFE3051E207C11AC0042D062 /* Suggestions */,
				CFE22726207B96DB00E12357 /* Cells */,
				CF14E157207B755E00FA2453 /* Home.storyboard */,
				CFE22729207B97F600E12357 /* HomeViewController.swift */,
				CFE30518207BC13F0042D062 /* HomeTableViewModel.swift */,
			);
			path = Home;
			sourceTree = "<group>";
		};
		CF822DB3207B4ED7009751CB = {
			isa = PBXGroup;
			children = (
				CF822DBE207B4ED7009751CB /* MovieSearcher */,
				CFE30541207CD3310042D062 /* MovieSearcherTests */,
				CF822DBD207B4ED7009751CB /* Products */,
				319496809D37E2CE502EDEFC /* Pods */,
				1B7F21432D79C173B9DA6AD3 /* Frameworks */,
			);
			sourceTree = "<group>";
		};
		CF822DBD207B4ED7009751CB /* Products */ = {
			isa = PBXGroup;
			children = (
				CF822DBC207B4ED7009751CB /* MovieSearcher.app */,
				CFE30540207CD3310042D062 /* MovieSearcherTests.xctest */,
			);
			name = Products;
			sourceTree = "<group>";
		};
		CF822DBE207B4ED7009751CB /* MovieSearcher */ = {
			isa = PBXGroup;
			children = (
				CF822DBF207B4ED7009751CB /* AppDelegate.swift */,
				CF14E10F207B5AEC00FA2453 /* Common */,
				CF14E113207B5BB700FA2453 /* Models */,
				CF14E112207B5BA800FA2453 /* Networking */,
				CF14E10C207B5AC400FA2453 /* Scenes */,
				CF14E10D207B5ADE00FA2453 /* Resources */,
				CF14E10E207B5AE600FA2453 /* Info */,
			);
			path = MovieSearcher;
			sourceTree = "<group>";
		};
		CFE22726207B96DB00E12357 /* Cells */ = {
			isa = PBXGroup;
			children = (
				CFE30526207C1EE90042D062 /* SuggestionCell */,
				CFE30525207C1EC80042D062 /* MovieCell */,
			);
			path = Cells;
			sourceTree = "<group>";
		};
		CFE3051E207C11AC0042D062 /* Suggestions */ = {
			isa = PBXGroup;
			children = (
				CFE3051F207C11C20042D062 /* SuggestionRepository.swift */,
				CFE30521207C12210042D062 /* SuggestionProvider.swift */,
			);
			path = Suggestions;
			sourceTree = "<group>";
		};
		CFE30525207C1EC80042D062 /* MovieCell */ = {
			isa = PBXGroup;
			children = (
				CFE22727207B96EE00E12357 /* MovieCell.swift */,
				CFE3051A207BC1500042D062 /* MovieCellViewModel.swift */,
			);
			path = MovieCell;
			sourceTree = "<group>";
		};
		CFE30526207C1EE90042D062 /* SuggestionCell */ = {
			isa = PBXGroup;
			children = (
				CFE30527207C1EFB0042D062 /* SuggestionCell.swift */,
				CFE30523207C1D8B0042D062 /* SuggestionViewModel.swift */,
			);
			path = SuggestionCell;
			sourceTree = "<group>";
		};
		CFE30541207CD3310042D062 /* MovieSearcherTests */ = {
			isa = PBXGroup;
			children = (
				CFE30542207CD3310042D062 /* MovieSearcherTests.swift */,
				CFE30550207CD8180042D062 /* ModelTests.swift */,
				CFE3054A207CD3440042D062 /* ExtensionTests.swift */,
				CFE30553207CDDE30042D062 /* NetworkingTests.swift */,
				CFE30555207CFE0D0042D062 /* SuggestionTests.swift */,
				CFE30544207CD3310042D062 /* Info.plist */,
			);
			path = MovieSearcherTests;
			sourceTree = "<group>";
		};
/* End PBXGroup section */

/* Begin PBXNativeTarget section */
		CF822DBB207B4ED7009751CB /* MovieSearcher */ = {
			isa = PBXNativeTarget;
			buildConfigurationList = CF822DCE207B4ED7009751CB /* Build configuration list for PBXNativeTarget "MovieSearcher" */;
			buildPhases = (
				D28D8F6F795924E357C6AAB7 /* [CP] Check Pods Manifest.lock */,
				CF822DB8207B4ED7009751CB /* Sources */,
				CF822DB9207B4ED7009751CB /* Frameworks */,
				CF822DBA207B4ED7009751CB /* Resources */,
				F3103E4D15E48F94A8E36A0C /* [CP] Embed Pods Frameworks */,
				E1C8AF6EE1740A480B7490FB /* [CP] Copy Pods Resources */,
			);
			buildRules = (
			);
			dependencies = (
			);
			name = MovieSearcher;
			productName = MovieSearcher;
			productReference = CF822DBC207B4ED7009751CB /* MovieSearcher.app */;
			productType = "com.apple.product-type.application";
		};
		CFE3053F207CD3310042D062 /* MovieSearcherTests */ = {
			isa = PBXNativeTarget;
			buildConfigurationList = CFE30549207CD3310042D062 /* Build configuration list for PBXNativeTarget "MovieSearcherTests" */;
			buildPhases = (
				CFE3053C207CD3310042D062 /* Sources */,
				CFE3053D207CD3310042D062 /* Frameworks */,
				CFE3053E207CD3310042D062 /* Resources */,
			);
			buildRules = (
			);
			dependencies = (
				CFE30546207CD3310042D062 /* PBXTargetDependency */,
			);
			name = MovieSearcherTests;
			productName = MovieSearcherTests;
			productReference = CFE30540207CD3310042D062 /* MovieSearcherTests.xctest */;
			productType = "com.apple.product-type.bundle.unit-test";
		};
/* End PBXNativeTarget section */

/* Begin PBXProject section */
		CF822DB4207B4ED7009751CB /* Project object */ = {
			isa = PBXProject;
			attributes = {
				LastSwiftUpdateCheck = 0920;
				LastUpgradeCheck = 0920;
				ORGANIZATIONNAME = acb;
				TargetAttributes = {
					CF822DBB207B4ED7009751CB = {
						CreatedOnToolsVersion = 9.2;
						ProvisioningStyle = Automatic;
					};
					CFE3053F207CD3310042D062 = {
						CreatedOnToolsVersion = 9.2;
						ProvisioningStyle = Automatic;
						TestTargetID = CF822DBB207B4ED7009751CB;
					};
				};
			};
			buildConfigurationList = CF822DB7207B4ED7009751CB /* Build configuration list for PBXProject "MovieSearcher" */;
			compatibilityVersion = "Xcode 8.0";
			developmentRegion = en;
			hasScannedForEncodings = 0;
			knownRegions = (
				en,
				Base,
			);
			mainGroup = CF822DB3207B4ED7009751CB;
			productRefGroup = CF822DBD207B4ED7009751CB /* Products */;
			projectDirPath = "";
			projectRoot = "";
			targets = (
				CF822DBB207B4ED7009751CB /* MovieSearcher */,
				CFE3053F207CD3310042D062 /* MovieSearcherTests */,
			);
		};
/* End PBXProject section */

/* Begin PBXResourcesBuildPhase section */
		CF822DBA207B4ED7009751CB /* Resources */ = {
			isa = PBXResourcesBuildPhase;
			buildActionMask = 2147483647;
			files = (
				CF14E158207B755E00FA2453 /* Home.storyboard in Resources */,
				CF822DCA207B4ED7009751CB /* LaunchScreen.storyboard in Resources */,
				CF822DC7207B4ED7009751CB /* Assets.xcassets in Resources */,
			);
			runOnlyForDeploymentPostprocessing = 0;
		};
		CFE3053E207CD3310042D062 /* Resources */ = {
			isa = PBXResourcesBuildPhase;
			buildActionMask = 2147483647;
			files = (
			);
			runOnlyForDeploymentPostprocessing = 0;
		};
/* End PBXResourcesBuildPhase section */

/* Begin PBXShellScriptBuildPhase section */
		D28D8F6F795924E357C6AAB7 /* [CP] Check Pods Manifest.lock */ = {
			isa = PBXShellScriptBuildPhase;
			buildActionMask = 2147483647;
			files = (
			);
			inputPaths = (
			);
			name = "[CP] Check Pods Manifest.lock";
			outputPaths = (
			);
			runOnlyForDeploymentPostprocessing = 0;
			shellPath = /bin/sh;
			shellScript = "diff \"${PODS_ROOT}/../Podfile.lock\" \"${PODS_ROOT}/Manifest.lock\" > /dev/null\nif [ $? != 0 ] ; then\n    # print error to STDERR\n    echo \"error: The sandbox is not in sync with the Podfile.lock. Run 'pod install' or update your CocoaPods installation.\" >&2\n    exit 1\nfi\n";
			showEnvVarsInLog = 0;
		};
		E1C8AF6EE1740A480B7490FB /* [CP] Copy Pods Resources */ = {
			isa = PBXShellScriptBuildPhase;
			buildActionMask = 2147483647;
			files = (
			);
			inputPaths = (
			);
			name = "[CP] Copy Pods Resources";
			outputPaths = (
			);
			runOnlyForDeploymentPostprocessing = 0;
			shellPath = /bin/sh;
			shellScript = "\"${SRCROOT}/Pods/Target Support Files/Pods-MovieSearcher/Pods-MovieSearcher-resources.sh\"\n";
			showEnvVarsInLog = 0;
		};
		F3103E4D15E48F94A8E36A0C /* [CP] Embed Pods Frameworks */ = {
			isa = PBXShellScriptBuildPhase;
			buildActionMask = 2147483647;
			files = (
			);
			inputPaths = (
			);
			name = "[CP] Embed Pods Frameworks";
			outputPaths = (
			);
			runOnlyForDeploymentPostprocessing = 0;
			shellPath = /bin/sh;
			shellScript = "\"${SRCROOT}/Pods/Target Support Files/Pods-MovieSearcher/Pods-MovieSearcher-frameworks.sh\"\n";
			showEnvVarsInLog = 0;
		};
/* End PBXShellScriptBuildPhase section */

/* Begin PBXSourcesBuildPhase section */
		CF822DB8207B4ED7009751CB /* Sources */ = {
			isa = PBXSourcesBuildPhase;
			buildActionMask = 2147483647;
			files = (
				CF14E148207B72FF00FA2453 /* APIClient.swift in Sources */,
				CF14E115207B5C0800FA2453 /* Movie.swift in Sources */,
				CFE30528207C1EFB0042D062 /* SuggestionCell.swift in Sources */,
				CFE2272C207B985200E12357 /* UITableViewCell+Extension.swift in Sources */,
				CF822DC0207B4ED7009751CB /* AppDelegate.swift in Sources */,
				CF14E120207B6B5B00FA2453 /* String+Extension.swift in Sources */,
				CFE3055A207D04CE0042D062 /* Environment.swift in Sources */,
				CFE2272A207B97F600E12357 /* HomeViewController.swift in Sources */,
				CFE30519207BC13F0042D062 /* HomeTableViewModel.swift in Sources */,
				CFE30524207C1D8B0042D062 /* SuggestionViewModel.swift in Sources */,
				CF14E149207B72FF00FA2453 /* APIRequest.swift in Sources */,
				CFE22728207B96EE00E12357 /* MovieCell.swift in Sources */,
				CF14E119207B5C2800FA2453 /* Suggestion.swift in Sources */,
				CF14E153207B72FF00FA2453 /* URLQueryEncoder.swift in Sources */,
				CFE3055C207D04F10042D062 /* UserDefaults+Extension.swift in Sources */,
				CFE3051B207BC1500042D062 /* MovieCellViewModel.swift in Sources */,
				CFE30520207C11C20042D062 /* SuggestionRepository.swift in Sources */,
				CF14E14F207B72FF00FA2453 /* Response.swift in Sources */,
				CF14E14E207B72FF00FA2453 /* MovieError.swift in Sources */,
				CF14E155207B732500FA2453 /* Search.swift in Sources */,
				CFE30522207C12210042D062 /* SuggestionProvider.swift in Sources */,
				CF14E150207B72FF00FA2453 /* HTTPParameter.swift in Sources */,
			);
			runOnlyForDeploymentPostprocessing = 0;
		};
		CFE3053C207CD3310042D062 /* Sources */ = {
			isa = PBXSourcesBuildPhase;
			buildActionMask = 2147483647;
			files = (
				CFE30543207CD3310042D062 /* MovieSearcherTests.swift in Sources */,
				CFE30551207CD8180042D062 /* ModelTests.swift in Sources */,
				CFE3054F207CD76D0042D062 /* ExtensionTests.swift in Sources */,
				CFE30554207CDDE30042D062 /* NetworkingTests.swift in Sources */,
				CFE30556207CFE0D0042D062 /* SuggestionTests.swift in Sources */,
			);
			runOnlyForDeploymentPostprocessing = 0;
		};
/* End PBXSourcesBuildPhase section */

/* Begin PBXTargetDependency section */
		CFE30546207CD3310042D062 /* PBXTargetDependency */ = {
			isa = PBXTargetDependency;
			target = CF822DBB207B4ED7009751CB /* MovieSearcher */;
			targetProxy = CFE30545207CD3310042D062 /* PBXContainerItemProxy */;
		};
/* End PBXTargetDependency section */

/* Begin PBXVariantGroup section */
		CF822DC8207B4ED7009751CB /* LaunchScreen.storyboard */ = {
			isa = PBXVariantGroup;
			children = (
				CF822DC9207B4ED7009751CB /* Base */,
			);
			name = LaunchScreen.storyboard;
			sourceTree = "<group>";
		};
/* End PBXVariantGroup section */

/* Begin XCBuildConfiguration section */
		CF822DCC207B4ED7009751CB /* Debug */ = {
			isa = XCBuildConfiguration;
			buildSettings = {
				ALWAYS_SEARCH_USER_PATHS = NO;
				CLANG_ANALYZER_NONNULL = YES;
				CLANG_ANALYZER_NUMBER_OBJECT_CONVERSION = YES_AGGRESSIVE;
				CLANG_CXX_LANGUAGE_STANDARD = "gnu++14";
				CLANG_CXX_LIBRARY = "libc++";
				CLANG_ENABLE_MODULES = YES;
				CLANG_ENABLE_OBJC_ARC = YES;
				CLANG_WARN_BLOCK_CAPTURE_AUTORELEASING = YES;
				CLANG_WARN_BOOL_CONVERSION = YES;
				CLANG_WARN_COMMA = YES;
				CLANG_WARN_CONSTANT_CONVERSION = YES;
				CLANG_WARN_DIRECT_OBJC_ISA_USAGE = YES_ERROR;
				CLANG_WARN_DOCUMENTATION_COMMENTS = YES;
				CLANG_WARN_EMPTY_BODY = YES;
				CLANG_WARN_ENUM_CONVERSION = YES;
				CLANG_WARN_INFINITE_RECURSION = YES;
				CLANG_WARN_INT_CONVERSION = YES;
				CLANG_WARN_NON_LITERAL_NULL_CONVERSION = YES;
				CLANG_WARN_OBJC_LITERAL_CONVERSION = YES;
				CLANG_WARN_OBJC_ROOT_CLASS = YES_ERROR;
				CLANG_WARN_RANGE_LOOP_ANALYSIS = YES;
				CLANG_WARN_STRICT_PROTOTYPES = YES;
				CLANG_WARN_SUSPICIOUS_MOVE = YES;
				CLANG_WARN_UNGUARDED_AVAILABILITY = YES_AGGRESSIVE;
				CLANG_WARN_UNREACHABLE_CODE = YES;
				CLANG_WARN__DUPLICATE_METHOD_MATCH = YES;
				CODE_SIGN_IDENTITY = "iPhone Developer";
				COPY_PHASE_STRIP = NO;
				DEBUG_INFORMATION_FORMAT = dwarf;
				ENABLE_STRICT_OBJC_MSGSEND = YES;
				ENABLE_TESTABILITY = YES;
				GCC_C_LANGUAGE_STANDARD = gnu11;
				GCC_DYNAMIC_NO_PIC = NO;
				GCC_NO_COMMON_BLOCKS = YES;
				GCC_OPTIMIZATION_LEVEL = 0;
				GCC_PREPROCESSOR_DEFINITIONS = (
					"DEBUG=1",
					"$(inherited)",
				);
				GCC_WARN_64_TO_32_BIT_CONVERSION = YES;
				GCC_WARN_ABOUT_RETURN_TYPE = YES_ERROR;
				GCC_WARN_UNDECLARED_SELECTOR = YES;
				GCC_WARN_UNINITIALIZED_AUTOS = YES_AGGRESSIVE;
				GCC_WARN_UNUSED_FUNCTION = YES;
				GCC_WARN_UNUSED_VARIABLE = YES;
				IPHONEOS_DEPLOYMENT_TARGET = 9.0;
				MTL_ENABLE_DEBUG_INFO = YES;
				ONLY_ACTIVE_ARCH = YES;
				SDKROOT = iphoneos;
				SWIFT_ACTIVE_COMPILATION_CONDITIONS = DEBUG;
				SWIFT_OPTIMIZATION_LEVEL = "-Onone";
			};
			name = Debug;
		};
		CF822DCD207B4ED7009751CB /* Release */ = {
			isa = XCBuildConfiguration;
			buildSettings = {
				ALWAYS_SEARCH_USER_PATHS = NO;
				CLANG_ANALYZER_NONNULL = YES;
				CLANG_ANALYZER_NUMBER_OBJECT_CONVERSION = YES_AGGRESSIVE;
				CLANG_CXX_LANGUAGE_STANDARD = "gnu++14";
				CLANG_CXX_LIBRARY = "libc++";
				CLANG_ENABLE_MODULES = YES;
				CLANG_ENABLE_OBJC_ARC = YES;
				CLANG_WARN_BLOCK_CAPTURE_AUTORELEASING = YES;
				CLANG_WARN_BOOL_CONVERSION = YES;
				CLANG_WARN_COMMA = YES;
				CLANG_WARN_CONSTANT_CONVERSION = YES;
				CLANG_WARN_DIRECT_OBJC_ISA_USAGE = YES_ERROR;
				CLANG_WARN_DOCUMENTATION_COMMENTS = YES;
				CLANG_WARN_EMPTY_BODY = YES;
				CLANG_WARN_ENUM_CONVERSION = YES;
				CLANG_WARN_INFINITE_RECURSION = YES;
				CLANG_WARN_INT_CONVERSION = YES;
				CLANG_WARN_NON_LITERAL_NULL_CONVERSION = YES;
				CLANG_WARN_OBJC_LITERAL_CONVERSION = YES;
				CLANG_WARN_OBJC_ROOT_CLASS = YES_ERROR;
				CLANG_WARN_RANGE_LOOP_ANALYSIS = YES;
				CLANG_WARN_STRICT_PROTOTYPES = YES;
				CLANG_WARN_SUSPICIOUS_MOVE = YES;
				CLANG_WARN_UNGUARDED_AVAILABILITY = YES_AGGRESSIVE;
				CLANG_WARN_UNREACHABLE_CODE = YES;
				CLANG_WARN__DUPLICATE_METHOD_MATCH = YES;
				CODE_SIGN_IDENTITY = "iPhone Developer";
				COPY_PHASE_STRIP = NO;
				DEBUG_INFORMATION_FORMAT = "dwarf-with-dsym";
				ENABLE_NS_ASSERTIONS = NO;
				ENABLE_STRICT_OBJC_MSGSEND = YES;
				GCC_C_LANGUAGE_STANDARD = gnu11;
				GCC_NO_COMMON_BLOCKS = YES;
				GCC_WARN_64_TO_32_BIT_CONVERSION = YES;
				GCC_WARN_ABOUT_RETURN_TYPE = YES_ERROR;
				GCC_WARN_UNDECLARED_SELECTOR = YES;
				GCC_WARN_UNINITIALIZED_AUTOS = YES_AGGRESSIVE;
				GCC_WARN_UNUSED_FUNCTION = YES;
				GCC_WARN_UNUSED_VARIABLE = YES;
				IPHONEOS_DEPLOYMENT_TARGET = 9.0;
				MTL_ENABLE_DEBUG_INFO = NO;
				SDKROOT = iphoneos;
				SWIFT_OPTIMIZATION_LEVEL = "-Owholemodule";
				VALIDATE_PRODUCT = YES;
			};
			name = Release;
		};
		CF822DCF207B4ED7009751CB /* Debug */ = {
			isa = XCBuildConfiguration;
			baseConfigurationReference = EE1F7F5F6C468BAEED027305 /* Pods-MovieSearcher.debug.xcconfig */;
			buildSettings = {
				ASSETCATALOG_COMPILER_APPICON_NAME = AppIcon;
				CODE_SIGN_STYLE = Automatic;
				INFOPLIST_FILE = "$(SRCROOT)/MovieSearcher/Info/Info.plist";
				LD_RUNPATH_SEARCH_PATHS = "$(inherited) @executable_path/Frameworks";
				PRODUCT_BUNDLE_IDENTIFIER = acb.MovieSearcher;
				PRODUCT_NAME = "$(TARGET_NAME)";
				SWIFT_VERSION = 4.0;
				TARGETED_DEVICE_FAMILY = 1;
			};
			name = Debug;
		};
		CF822DD0207B4ED7009751CB /* Release */ = {
			isa = XCBuildConfiguration;
			baseConfigurationReference = E668F8507F21B8F76E9CDB65 /* Pods-MovieSearcher.release.xcconfig */;
			buildSettings = {
				ASSETCATALOG_COMPILER_APPICON_NAME = AppIcon;
				CODE_SIGN_STYLE = Automatic;
				INFOPLIST_FILE = "$(SRCROOT)/MovieSearcher/Info/Info.plist";
				LD_RUNPATH_SEARCH_PATHS = "$(inherited) @executable_path/Frameworks";
				PRODUCT_BUNDLE_IDENTIFIER = acb.MovieSearcher;
				PRODUCT_NAME = "$(TARGET_NAME)";
				SWIFT_VERSION = 4.0;
				TARGETED_DEVICE_FAMILY = 1;
			};
			name = Release;
		};
		CFE30547207CD3310042D062 /* Debug */ = {
			isa = XCBuildConfiguration;
			buildSettings = {
				BUNDLE_LOADER = "$(TEST_HOST)";
				CODE_SIGN_STYLE = Automatic;
				INFOPLIST_FILE = MovieSearcherTests/Info.plist;
				IPHONEOS_DEPLOYMENT_TARGET = 11.2;
				LD_RUNPATH_SEARCH_PATHS = "$(inherited) @executable_path/Frameworks @loader_path/Frameworks";
				PRODUCT_BUNDLE_IDENTIFIER = acb.MovieSearcherTests;
				PRODUCT_NAME = "$(TARGET_NAME)";
				SWIFT_VERSION = 4.0;
				TARGETED_DEVICE_FAMILY = "1,2";
				TEST_HOST = "$(BUILT_PRODUCTS_DIR)/MovieSearcher.app/MovieSearcher";
			};
			name = Debug;
		};
		CFE30548207CD3310042D062 /* Release */ = {
			isa = XCBuildConfiguration;
			buildSettings = {
				BUNDLE_LOADER = "$(TEST_HOST)";
				CODE_SIGN_STYLE = Automatic;
				INFOPLIST_FILE = MovieSearcherTests/Info.plist;
				IPHONEOS_DEPLOYMENT_TARGET = 11.2;
				LD_RUNPATH_SEARCH_PATHS = "$(inherited) @executable_path/Frameworks @loader_path/Frameworks";
				PRODUCT_BUNDLE_IDENTIFIER = acb.MovieSearcherTests;
				PRODUCT_NAME = "$(TARGET_NAME)";
				SWIFT_VERSION = 4.0;
				TARGETED_DEVICE_FAMILY = "1,2";
				TEST_HOST = "$(BUILT_PRODUCTS_DIR)/MovieSearcher.app/MovieSearcher";
			};
			name = Release;
		};
/* End XCBuildConfiguration section */

/* Begin XCConfigurationList section */
		CF822DB7207B4ED7009751CB /* Build configuration list for PBXProject "MovieSearcher" */ = {
			isa = XCConfigurationList;
			buildConfigurations = (
				CF822DCC207B4ED7009751CB /* Debug */,
				CF822DCD207B4ED7009751CB /* Release */,
			);
			defaultConfigurationIsVisible = 0;
			defaultConfigurationName = Release;
		};
		CF822DCE207B4ED7009751CB /* Build configuration list for PBXNativeTarget "MovieSearcher" */ = {
			isa = XCConfigurationList;
			buildConfigurations = (
				CF822DCF207B4ED7009751CB /* Debug */,
				CF822DD0207B4ED7009751CB /* Release */,
			);
			defaultConfigurationIsVisible = 0;
			defaultConfigurationName = Release;
		};
		CFE30549207CD3310042D062 /* Build configuration list for PBXNativeTarget "MovieSearcherTests" */ = {
			isa = XCConfigurationList;
			buildConfigurations = (
				CFE30547207CD3310042D062 /* Debug */,
				CFE30548207CD3310042D062 /* Release */,
			);
			defaultConfigurationIsVisible = 0;
			defaultConfigurationName = Release;
		};
/* End XCConfigurationList section */
	};
	rootObject = CF822DB4207B4ED7009751CB /* Project object */;
}
